
Microsoft Visual Studio Solution File, Format Version 12.00
# Visual Studio Version 16
VisualStudioVersion = 16.0.29613.14
MinimumVisualStudioVersion = 10.0.40219.1
Project("{FAE04EC0-301F-11D3-BF4B-00C04F79EFBC}") = "UserFormSubmission", "UserFormSubmission.csproj", "{901CE737-13D0-4178-B346-7DB8916E6668}"
EndProject
Project("{FAE04EC0-301F-11D3-BF4B-00C04F79EFBC}") = "UserTest", "..\UserTest\UserTest.csproj", "{382EDB1A-B519-4744-8160-86A513CCB769}"
EndProject
Global
	GlobalSection(SolutionConfigurationPlatforms) = preSolution
		Debug|Any CPU = Debug|Any CPU
		Release|Any CPU = Release|Any CPU
	EndGlobalSection
	GlobalSection(ProjectConfigurationPlatforms) = postSolution
		{901CE737-13D0-4178-B346-7DB8916E6668}.Debug|Any CPU.ActiveCfg = Debug|Any CPU
		{901CE737-13D0-4178-B346-7DB8916E6668}.Debug|Any CPU.Build.0 = Debug|Any CPU
		{901CE737-13D0-4178-B346-7DB8916E6668}.Release|Any CPU.ActiveCfg = Release|Any CPU
		{901CE737-13D0-4178-B346-7DB8916E6668}.Release|Any CPU.Build.0 = Release|Any CPU
		{382EDB1A-B519-4744-8160-86A513CCB769}.Debug|Any CPU.ActiveCfg = Debug|Any CPU
		{382EDB1A-B519-4744-8160-86A513CCB769}.Debug|Any CPU.Build.0 = Debug|Any CPU
		{382EDB1A-B519-4744-8160-86A513CCB769}.Release|Any CPU.ActiveCfg = Release|Any CPU
		{382EDB1A-B519-4744-8160-86A513CCB769}.Release|Any CPU.Build.0 = Release|Any CPU
	EndGlobalSection
	GlobalSection(SolutionProperties) = preSolution
		HideSolutionNode = FALSE
	EndGlobalSection
	GlobalSection(ExtensibilityGlobals) = postSolution
		SolutionGuid = {B108EB9E-3F0F-41E9-93A8-14E8381EBFC8}
	EndGlobalSection
EndGlobal
